
Microsoft Visual Studio Solution File, Format Version 12.00
Project("{FAE04EC0-301F-11D3-BF4B-00C04F79EFBC}") = "CzechQrPayments", "CzechQrPayments\CzechQrPayments.csproj", "{F459903E-9496-4505-997B-4C00A585C323}"
EndProject
Project("{FAE04EC0-301F-11D3-BF4B-00C04F79EFBC}") = "UnitTests", "UnitTests\UnitTests.csproj", "{EB2D67D3-0979-473A-A9B3-F334F27B353D}"
EndProject
Global
	GlobalSection(SolutionConfigurationPlatforms) = preSolution
		Debug|Any CPU = Debug|Any CPU
		Release|Any CPU = Release|Any CPU
	EndGlobalSection
	GlobalSection(ProjectConfigurationPlatforms) = postSolution
		{F459903E-9496-4505-997B-4C00A585C323}.Debug|Any CPU.ActiveCfg = Debug|Any CPU
		{F459903E-9496-4505-997B-4C00A585C323}.Debug|Any CPU.Build.0 = Debug|Any CPU
		{F459903E-9496-4505-997B-4C00A585C323}.Release|Any CPU.ActiveCfg = Release|Any CPU
		{F459903E-9496-4505-997B-4C00A585C323}.Release|Any CPU.Build.0 = Release|Any CPU
		{EB2D67D3-0979-473A-A9B3-F334F27B353D}.Debug|Any CPU.ActiveCfg = Debug|Any CPU
		{EB2D67D3-0979-473A-A9B3-F334F27B353D}.Debug|Any CPU.Build.0 = Debug|Any CPU
		{EB2D67D3-0979-473A-A9B3-F334F27B353D}.Release|Any CPU.ActiveCfg = Release|Any CPU
		{EB2D67D3-0979-473A-A9B3-F334F27B353D}.Release|Any CPU.Build.0 = Release|Any CPU
	EndGlobalSection
EndGlobal
